
Microsoft Visual Studio Solution File, Format Version 12.00
# Visual Studio Version 16
VisualStudioVersion = 16.0.30114.105
MinimumVisualStudioVersion = 10.0.40219.1
Project("{2150E333-8FDC-42A3-9474-1A3956D46DE8}") = "src", "src", "{503A9CDE-2A4E-4427-848F-9D944206069E}"
EndProject
Project("{FAE04EC0-301F-11D3-BF4B-00C04F79EFBC}") = "IdentityServer", "src\IdentityServer\IdentityServer.csproj", "{5D8861A6-7951-408A-A27F-AF4665C76099}"
EndProject
Global
	GlobalSection(SolutionConfigurationPlatforms) = preSolution
		Debug|Any CPU = Debug|Any CPU
		Release|Any CPU = Release|Any CPU
	EndGlobalSection
	GlobalSection(SolutionProperties) = preSolution
		HideSolutionNode = FALSE
	EndGlobalSection
	GlobalSection(ProjectConfigurationPlatforms) = postSolution
		{5D8861A6-7951-408A-A27F-AF4665C76099}.Debug|Any CPU.ActiveCfg = Debug|Any CPU
		{5D8861A6-7951-408A-A27F-AF4665C76099}.Debug|Any CPU.Build.0 = Debug|Any CPU
		{5D8861A6-7951-408A-A27F-AF4665C76099}.Release|Any CPU.ActiveCfg = Release|Any CPU
		{5D8861A6-7951-408A-A27F-AF4665C76099}.Release|Any CPU.Build.0 = Release|Any CPU
	EndGlobalSection
	GlobalSection(NestedProjects) = preSolution
		{5D8861A6-7951-408A-A27F-AF4665C76099} = {503A9CDE-2A4E-4427-848F-9D944206069E}
	EndGlobalSection
EndGlobal
